
Microsoft Visual Studio Solution File, Format Version 12.00
# Visual Studio Version 17
VisualStudioVersion = 17.0.31410.414
MinimumVisualStudioVersion = 10.0.40219.1
Project("{2150E333-8FDC-42A3-9474-1A3956D46DE8}") = "Reflection", "Reflection", "{97E86999-39DA-43AC-A5D0-925BF99089B4}"
EndProject
Project("{9A19103F-16F7-4668-BE54-9A1E7A4F7556}") = "Reflection.Main", "Reflection\Reflection.Main\Reflection.Main.csproj", "{58FE9F88-9F8A-4428-AFE8-EDFE564455F2}"
EndProject
Project("{9A19103F-16F7-4668-BE54-9A1E7A4F7556}") = "Reflection.Shared", "Reflection\Reflection.Shared\Reflection.Shared.csproj", "{C4E83373-3836-49FA-A625-5704E630ED45}"
EndProject
Project("{2150E333-8FDC-42A3-9474-1A3956D46DE8}") = "Plugins", "Plugins", "{E83C4060-86FA-412C-B869-88C27B4D778E}"
EndProject
Project("{9A19103F-16F7-4668-BE54-9A1E7A4F7556}") = "Reflection.Math", "Reflection\Plugins\Reflection.Math\Reflection.Math.csproj", "{6AF40BF2-911A-41F8-B5CF-C687E12DE38B}"
EndProject
Project("{9A19103F-16F7-4668-BE54-9A1E7A4F7556}") = "Reflection.Announcement", "Reflection\Plugins\Reflection.Announcement\Reflection.Announcement.csproj", "{4DD45A59-8CA6-44AC-A7BB-A65E656EBDA6}"
EndProject
Project("{2150E333-8FDC-42A3-9474-1A3956D46DE8}") = "2021-06-28", "2021-06-28", "{D36DDD93-C52B-4DFA-9832-2483F6DDF9D1}"
	ProjectSection(SolutionItems) = preProject
		2021-06-28\Konular.txt = 2021-06-28\Konular.txt
	EndProjectSection
EndProject
Project("{9A19103F-16F7-4668-BE54-9A1E7A4F7556}") = "ConfigureAwait.FormUI", "2021-06-28\ConfigureAwait.FormUI\ConfigureAwait.FormUI.csproj", "{9B56F1DA-1FC3-4F1B-88AB-9FB4BC139F55}"
EndProject
Project("{9A19103F-16F7-4668-BE54-9A1E7A4F7556}") = "ExceptionHandling.Console", "2021-06-28\ExceptionHandling.Console\ExceptionHandling.Console.csproj", "{4B736348-123F-4151-9556-A4A9750B7701}"
EndProject
Project("{9A19103F-16F7-4668-BE54-9A1E7A4F7556}") = "Attributes.CMD", "2021-06-28\Attributes.CMD\Attributes.CMD.csproj", "{B41699E7-5FB3-48EB-AC45-4994331724A8}"
EndProject
Project("{9A19103F-16F7-4668-BE54-9A1E7A4F7556}") = "KeywordAndConstructor", "2021-06-28\KeywordAndConstructor\KeywordAndConstructor.csproj", "{3BE67EC0-4016-485A-BF29-A4468A968FA5}"
EndProject
Project("{2150E333-8FDC-42A3-9474-1A3956D46DE8}") = "2021-08-08", "2021-08-08", "{17049F71-AC59-4B0C-98C2-C7D7BB551057}"
	ProjectSection(SolutionItems) = preProject
		Konular.txt = Konular.txt
	EndProjectSection
EndProject
Project("{9A19103F-16F7-4668-BE54-9A1E7A4F7556}") = "CustomList", "2021-08-08\CustomList\CustomList.csproj", "{7A573ED4-19E4-42E1-B016-13A579CEC069}"
EndProject
Project("{9A19103F-16F7-4668-BE54-9A1E7A4F7556}") = "DependencyInjection", "2021-08-08\DependencyInjection\DependencyInjection.csproj", "{A405A7A0-F522-464A-A57F-9E0AAB7E9BF7}"
EndProject
Project("{FAE04EC0-301F-11D3-BF4B-00C04F79EFBC}") = "AspectOriented", "2021-08-08\AspectOriented\AspectOriented.csproj", "{D65C3CE2-A006-458B-B4FA-B88989A1B5F3}"
EndProject
Project("{2150E333-8FDC-42A3-9474-1A3956D46DE8}") = "2022-03-18", "2022-03-18", "{D17DAB67-133F-4300-807C-D8B68ACB323A}"
EndProject
Project("{2150E333-8FDC-42A3-9474-1A3956D46DE8}") = "Redis", "Redis", "{48111B5C-D1EE-441D-9903-1415442BDD80}"
	ProjectSection(SolutionItems) = preProject
		2022-03-18\Redis\README.md = 2022-03-18\Redis\README.md
	EndProjectSection
EndProject
Project("{9A19103F-16F7-4668-BE54-9A1E7A4F7556}") = "Redis.Terminal", "2022-03-18\Redis\Redis.Terminal\Redis.Terminal.csproj", "{21B450CA-106D-4B67-8BB9-AF41E1D494D9}"
EndProject
Project("{9A19103F-16F7-4668-BE54-9A1E7A4F7556}") = "Redis.Benchmark", "2022-03-18\Redis\Redis.Benchmark\Redis.Benchmark.csproj", "{CC3271CC-B04F-4F30-9319-EBFF3B7D8BA1}"
EndProject
Project("{2150E333-8FDC-42A3-9474-1A3956D46DE8}") = ".SolutionItems", ".SolutionItems", "{493DDD73-90A3-4569-B338-DA984F1BB03E}"
	ProjectSection(SolutionItems) = preProject
		..\README.md = ..\README.md
	EndProjectSection
EndProject
Project("{2150E333-8FDC-42A3-9474-1A3956D46DE8}") = ".Common", ".Common", "{FF020781-7739-4765-8AAC-E3C15C577E32}"
EndProject
Project("{9A19103F-16F7-4668-BE54-9A1E7A4F7556}") = "AdventureWork.Models", "Common\AdventureWork.Models\AdventureWork.Models.csproj", "{D500C66B-4330-4E37-AD4F-20047A33A5A7}"
EndProject
Project("{2150E333-8FDC-42A3-9474-1A3956D46DE8}") = "2022-03-27", "2022-03-27", "{CFCDE6C9-46E6-4C7A-BC2F-F67D4D2CBBB4}"
EndProject
Project("{2150E333-8FDC-42A3-9474-1A3956D46DE8}") = "Elasticsearch", "Elasticsearch", "{39FC07EC-AED6-49ED-9FCB-3EA4C79B8067}"
	ProjectSection(SolutionItems) = preProject
		README.md = README.md
	EndProjectSection
EndProject
Project("{9A19103F-16F7-4668-BE54-9A1E7A4F7556}") = "Elastic.Terminal", "2022-03-27\Elasticsearch\Elastic.Terminal\Elastic.Terminal.csproj", "{D98F3AAC-331A-49CA-8DF5-456E91037C9A}"
EndProject
Project("{2150E333-8FDC-42A3-9474-1A3956D46DE8}") = "2022-04-02", "2022-04-02", "{B828903D-93CF-443F-BAEF-D0EC1166C819}"
EndProject
Project("{2150E333-8FDC-42A3-9474-1A3956D46DE8}") = "Performance", "Performance", "{2ECF10E8-BAAA-4547-B7AD-217AC67601CA}"
	ProjectSection(SolutionItems) = preProject
		2022-04-02\README.md = 2022-04-02\README.md
	EndProjectSection
EndProject
Project("{9A19103F-16F7-4668-BE54-9A1E7A4F7556}") = "Performance.Immutable", "2022-04-02\Performance.Immutable\Performance.Immutable.csproj", "{9DC0679D-A45B-4B1E-8F03-9FF49F5C80C7}"
EndProject
Project("{9A19103F-16F7-4668-BE54-9A1E7A4F7556}") = "Performance.ListsAndArrays", "2022-04-02\Performance.ListsAndArrays\Performance.ListsAndArrays.csproj", "{C440838D-0031-4D49-B3E6-5ECC87FEB5D9}"
EndProject
Project("{9A19103F-16F7-4668-BE54-9A1E7A4F7556}") = "Performance.Loops", "2022-04-02\Performance.Loops\Performance.Loops.csproj", "{18860BA2-DFC0-4858-A9E2-6E6687715D2B}"
EndProject
Project("{9A19103F-16F7-4668-BE54-9A1E7A4F7556}") = "Performance.ClassAndStruct", "2022-04-02\Performance.ClassAndStruct\Performance.ClassAndStruct.csproj", "{4C26BA3C-8D5C-40C3-A3BE-8C343465A46A}"
EndProject
Project("{9A19103F-16F7-4668-BE54-9A1E7A4F7556}") = "Performance.MemoryAccess", "2022-04-02\Performance.MemoryAccess\Performance.MemoryAccess.csproj", "{96ECC272-3305-4E47-9E09-356350996CC7}"
EndProject
Project("{9A19103F-16F7-4668-BE54-9A1E7A4F7556}") = "Performance.Methods", "2022-04-02\Performance.Methods\Performance.Methods.csproj", "{36CCB93F-0A97-4FCC-A95C-728F4A8C9227}"
EndProject
Project("{9A19103F-16F7-4668-BE54-9A1E7A4F7556}") = "Performance.Reflaction", "2022-04-02\Performance.Reflaction\Performance.Reflaction.csproj", "{B5E4B023-0E50-47E4-A5EF-EC7BD98C3DF1}"
EndProject
Project("{2150E333-8FDC-42A3-9474-1A3956D46DE8}") = "IsolationLevels", "IsolationLevels", "{BE4C0AC6-1573-4A43-A966-8191D053007A}"
	ProjectSection(SolutionItems) = preProject
		2022-04-02\Database.sql = 2022-04-02\Database.sql
	EndProjectSection
EndProject
Project("{9A19103F-16F7-4668-BE54-9A1E7A4F7556}") = "SQLTransactionIsolationLevel", "2022-04-02\SQLTransactionIsolationLevel\SQLTransactionIsolationLevel.csproj", "{D65DF641-57E1-4958-9772-99A8364FD86F}"
EndProject
Project("{2150E333-8FDC-42A3-9474-1A3956D46DE8}") = "NET7", "NET7", "{F4D84B1B-B562-489F-BCC4-D49A4D3FE883}"
EndProject
Project("{2150E333-8FDC-42A3-9474-1A3956D46DE8}") = "EF", "EF", "{D33E940E-2FA7-46AB-8241-CFBB7A564984}"
	ProjectSection(SolutionItems) = preProject
		2022-04-02\README.md = 2022-04-02\README.md
	EndProjectSection
EndProject
Project("{9A19103F-16F7-4668-BE54-9A1E7A4F7556}") = "EF6", "NET7\EF\EF6\EF6.csproj", "{712AC2B3-2771-4B43-86B1-4AF955711396}"
EndProject
Project("{9A19103F-16F7-4668-BE54-9A1E7A4F7556}") = "EF7", "NET7\EF\EF7\EF7.csproj", "{5BB594D3-AFC0-4CD7-825D-087ECDB427CD}"
EndProject
Global
	GlobalSection(SolutionConfigurationPlatforms) = preSolution
		Debug|Any CPU = Debug|Any CPU
		Debug|x64 = Debug|x64
		Release|Any CPU = Release|Any CPU
		Release|x64 = Release|x64
	EndGlobalSection
	GlobalSection(ProjectConfigurationPlatforms) = postSolution
		{58FE9F88-9F8A-4428-AFE8-EDFE564455F2}.Debug|Any CPU.ActiveCfg = Debug|Any CPU
		{58FE9F88-9F8A-4428-AFE8-EDFE564455F2}.Debug|Any CPU.Build.0 = Debug|Any CPU
		{58FE9F88-9F8A-4428-AFE8-EDFE564455F2}.Debug|x64.ActiveCfg = Debug|x64
		{58FE9F88-9F8A-4428-AFE8-EDFE564455F2}.Debug|x64.Build.0 = Debug|x64
		{58FE9F88-9F8A-4428-AFE8-EDFE564455F2}.Release|Any CPU.ActiveCfg = Release|Any CPU
		{58FE9F88-9F8A-4428-AFE8-EDFE564455F2}.Release|Any CPU.Build.0 = Release|Any CPU
		{58FE9F88-9F8A-4428-AFE8-EDFE564455F2}.Release|x64.ActiveCfg = Release|x64
		{58FE9F88-9F8A-4428-AFE8-EDFE564455F2}.Release|x64.Build.0 = Release|x64
		{C4E83373-3836-49FA-A625-5704E630ED45}.Debug|Any CPU.ActiveCfg = Debug|Any CPU
		{C4E83373-3836-49FA-A625-5704E630ED45}.Debug|Any CPU.Build.0 = Debug|Any CPU
		{C4E83373-3836-49FA-A625-5704E630ED45}.Debug|x64.ActiveCfg = Debug|x64
		{C4E83373-3836-49FA-A625-5704E630ED45}.Debug|x64.Build.0 = Debug|x64
		{C4E83373-3836-49FA-A625-5704E630ED45}.Release|Any CPU.ActiveCfg = Release|Any CPU
		{C4E83373-3836-49FA-A625-5704E630ED45}.Release|Any CPU.Build.0 = Release|Any CPU
		{C4E83373-3836-49FA-A625-5704E630ED45}.Release|x64.ActiveCfg = Release|x64
		{C4E83373-3836-49FA-A625-5704E630ED45}.Release|x64.Build.0 = Release|x64
		{6AF40BF2-911A-41F8-B5CF-C687E12DE38B}.Debug|Any CPU.ActiveCfg = Debug|Any CPU
		{6AF40BF2-911A-41F8-B5CF-C687E12DE38B}.Debug|Any CPU.Build.0 = Debug|Any CPU
		{6AF40BF2-911A-41F8-B5CF-C687E12DE38B}.Debug|x64.ActiveCfg = Debug|x64
		{6AF40BF2-911A-41F8-B5CF-C687E12DE38B}.Debug|x64.Build.0 = Debug|x64
		{6AF40BF2-911A-41F8-B5CF-C687E12DE38B}.Release|Any CPU.ActiveCfg = Release|Any CPU
		{6AF40BF2-911A-41F8-B5CF-C687E12DE38B}.Release|Any CPU.Build.0 = Release|Any CPU
		{6AF40BF2-911A-41F8-B5CF-C687E12DE38B}.Release|x64.ActiveCfg = Release|x64
		{6AF40BF2-911A-41F8-B5CF-C687E12DE38B}.Release|x64.Build.0 = Release|x64
		{4DD45A59-8CA6-44AC-A7BB-A65E656EBDA6}.Debug|Any CPU.ActiveCfg = Debug|Any CPU
		{4DD45A59-8CA6-44AC-A7BB-A65E656EBDA6}.Debug|Any CPU.Build.0 = Debug|Any CPU
		{4DD45A59-8CA6-44AC-A7BB-A65E656EBDA6}.Debug|x64.ActiveCfg = Debug|x64
		{4DD45A59-8CA6-44AC-A7BB-A65E656EBDA6}.Debug|x64.Build.0 = Debug|x64
		{4DD45A59-8CA6-44AC-A7BB-A65E656EBDA6}.Release|Any CPU.ActiveCfg = Release|Any CPU
		{4DD45A59-8CA6-44AC-A7BB-A65E656EBDA6}.Release|Any CPU.Build.0 = Release|Any CPU
		{4DD45A59-8CA6-44AC-A7BB-A65E656EBDA6}.Release|x64.ActiveCfg = Release|x64
		{4DD45A59-8CA6-44AC-A7BB-A65E656EBDA6}.Release|x64.Build.0 = Release|x64
		{9B56F1DA-1FC3-4F1B-88AB-9FB4BC139F55}.Debug|Any CPU.ActiveCfg = Debug|Any CPU
		{9B56F1DA-1FC3-4F1B-88AB-9FB4BC139F55}.Debug|Any CPU.Build.0 = Debug|Any CPU
		{9B56F1DA-1FC3-4F1B-88AB-9FB4BC139F55}.Debug|x64.ActiveCfg = Debug|x64
		{9B56F1DA-1FC3-4F1B-88AB-9FB4BC139F55}.Debug|x64.Build.0 = Debug|x64
		{9B56F1DA-1FC3-4F1B-88AB-9FB4BC139F55}.Release|Any CPU.ActiveCfg = Release|Any CPU
		{9B56F1DA-1FC3-4F1B-88AB-9FB4BC139F55}.Release|Any CPU.Build.0 = Release|Any CPU
		{9B56F1DA-1FC3-4F1B-88AB-9FB4BC139F55}.Release|x64.ActiveCfg = Release|x64
		{9B56F1DA-1FC3-4F1B-88AB-9FB4BC139F55}.Release|x64.Build.0 = Release|x64
		{4B736348-123F-4151-9556-A4A9750B7701}.Debug|Any CPU.ActiveCfg = Debug|Any CPU
		{4B736348-123F-4151-9556-A4A9750B7701}.Debug|Any CPU.Build.0 = Debug|Any CPU
		{4B736348-123F-4151-9556-A4A9750B7701}.Debug|x64.ActiveCfg = Debug|x64
		{4B736348-123F-4151-9556-A4A9750B7701}.Debug|x64.Build.0 = Debug|x64
		{4B736348-123F-4151-9556-A4A9750B7701}.Release|Any CPU.ActiveCfg = Release|Any CPU
		{4B736348-123F-4151-9556-A4A9750B7701}.Release|Any CPU.Build.0 = Release|Any CPU
		{4B736348-123F-4151-9556-A4A9750B7701}.Release|x64.ActiveCfg = Release|x64
		{4B736348-123F-4151-9556-A4A9750B7701}.Release|x64.Build.0 = Release|x64
		{B41699E7-5FB3-48EB-AC45-4994331724A8}.Debug|Any CPU.ActiveCfg = Debug|Any CPU
		{B41699E7-5FB3-48EB-AC45-4994331724A8}.Debug|Any CPU.Build.0 = Debug|Any CPU
		{B41699E7-5FB3-48EB-AC45-4994331724A8}.Debug|x64.ActiveCfg = Debug|x64
		{B41699E7-5FB3-48EB-AC45-4994331724A8}.Debug|x64.Build.0 = Debug|x64
		{B41699E7-5FB3-48EB-AC45-4994331724A8}.Release|Any CPU.ActiveCfg = Release|Any CPU
		{B41699E7-5FB3-48EB-AC45-4994331724A8}.Release|Any CPU.Build.0 = Release|Any CPU
		{B41699E7-5FB3-48EB-AC45-4994331724A8}.Release|x64.ActiveCfg = Release|x64
		{B41699E7-5FB3-48EB-AC45-4994331724A8}.Release|x64.Build.0 = Release|x64
		{3BE67EC0-4016-485A-BF29-A4468A968FA5}.Debug|Any CPU.ActiveCfg = Debug|Any CPU
		{3BE67EC0-4016-485A-BF29-A4468A968FA5}.Debug|Any CPU.Build.0 = Debug|Any CPU
		{3BE67EC0-4016-485A-BF29-A4468A968FA5}.Debug|x64.ActiveCfg = Debug|x64
		{3BE67EC0-4016-485A-BF29-A4468A968FA5}.Debug|x64.Build.0 = Debug|x64
		{3BE67EC0-4016-485A-BF29-A4468A968FA5}.Release|Any CPU.ActiveCfg = Release|Any CPU
		{3BE67EC0-4016-485A-BF29-A4468A968FA5}.Release|Any CPU.Build.0 = Release|Any CPU
		{3BE67EC0-4016-485A-BF29-A4468A968FA5}.Release|x64.ActiveCfg = Release|x64
		{3BE67EC0-4016-485A-BF29-A4468A968FA5}.Release|x64.Build.0 = Release|x64
		{7A573ED4-19E4-42E1-B016-13A579CEC069}.Debug|Any CPU.ActiveCfg = Debug|Any CPU
		{7A573ED4-19E4-42E1-B016-13A579CEC069}.Debug|Any CPU.Build.0 = Debug|Any CPU
		{7A573ED4-19E4-42E1-B016-13A579CEC069}.Debug|x64.ActiveCfg = Debug|x64
		{7A573ED4-19E4-42E1-B016-13A579CEC069}.Debug|x64.Build.0 = Debug|x64
		{7A573ED4-19E4-42E1-B016-13A579CEC069}.Release|Any CPU.ActiveCfg = Release|Any CPU
		{7A573ED4-19E4-42E1-B016-13A579CEC069}.Release|Any CPU.Build.0 = Release|Any CPU
		{7A573ED4-19E4-42E1-B016-13A579CEC069}.Release|x64.ActiveCfg = Release|x64
		{7A573ED4-19E4-42E1-B016-13A579CEC069}.Release|x64.Build.0 = Release|x64
		{A405A7A0-F522-464A-A57F-9E0AAB7E9BF7}.Debug|Any CPU.ActiveCfg = Debug|Any CPU
		{A405A7A0-F522-464A-A57F-9E0AAB7E9BF7}.Debug|Any CPU.Build.0 = Debug|Any CPU
		{A405A7A0-F522-464A-A57F-9E0AAB7E9BF7}.Debug|x64.ActiveCfg = Debug|x64
		{A405A7A0-F522-464A-A57F-9E0AAB7E9BF7}.Debug|x64.Build.0 = Debug|x64
		{A405A7A0-F522-464A-A57F-9E0AAB7E9BF7}.Release|Any CPU.ActiveCfg = Release|Any CPU
		{A405A7A0-F522-464A-A57F-9E0AAB7E9BF7}.Release|Any CPU.Build.0 = Release|Any CPU
		{A405A7A0-F522-464A-A57F-9E0AAB7E9BF7}.Release|x64.ActiveCfg = Release|x64
		{A405A7A0-F522-464A-A57F-9E0AAB7E9BF7}.Release|x64.Build.0 = Release|x64
		{D65C3CE2-A006-458B-B4FA-B88989A1B5F3}.Debug|Any CPU.ActiveCfg = Debug|Any CPU
		{D65C3CE2-A006-458B-B4FA-B88989A1B5F3}.Debug|Any CPU.Build.0 = Debug|Any CPU
		{D65C3CE2-A006-458B-B4FA-B88989A1B5F3}.Debug|x64.ActiveCfg = Debug|x64
		{D65C3CE2-A006-458B-B4FA-B88989A1B5F3}.Debug|x64.Build.0 = Debug|x64
		{D65C3CE2-A006-458B-B4FA-B88989A1B5F3}.Release|Any CPU.ActiveCfg = Release|Any CPU
		{D65C3CE2-A006-458B-B4FA-B88989A1B5F3}.Release|Any CPU.Build.0 = Release|Any CPU
		{D65C3CE2-A006-458B-B4FA-B88989A1B5F3}.Release|x64.ActiveCfg = Release|x64
		{D65C3CE2-A006-458B-B4FA-B88989A1B5F3}.Release|x64.Build.0 = Release|x64
		{21B450CA-106D-4B67-8BB9-AF41E1D494D9}.Debug|Any CPU.ActiveCfg = Debug|Any CPU
		{21B450CA-106D-4B67-8BB9-AF41E1D494D9}.Debug|Any CPU.Build.0 = Debug|Any CPU
		{21B450CA-106D-4B67-8BB9-AF41E1D494D9}.Debug|x64.ActiveCfg = Debug|x64
		{21B450CA-106D-4B67-8BB9-AF41E1D494D9}.Debug|x64.Build.0 = Debug|x64
		{21B450CA-106D-4B67-8BB9-AF41E1D494D9}.Release|Any CPU.ActiveCfg = Release|Any CPU
		{21B450CA-106D-4B67-8BB9-AF41E1D494D9}.Release|Any CPU.Build.0 = Release|Any CPU
		{21B450CA-106D-4B67-8BB9-AF41E1D494D9}.Release|x64.ActiveCfg = Release|x64
		{21B450CA-106D-4B67-8BB9-AF41E1D494D9}.Release|x64.Build.0 = Release|x64
		{CC3271CC-B04F-4F30-9319-EBFF3B7D8BA1}.Debug|Any CPU.ActiveCfg = Debug|Any CPU
		{CC3271CC-B04F-4F30-9319-EBFF3B7D8BA1}.Debug|Any CPU.Build.0 = Debug|Any CPU
		{CC3271CC-B04F-4F30-9319-EBFF3B7D8BA1}.Debug|x64.ActiveCfg = Debug|x64
		{CC3271CC-B04F-4F30-9319-EBFF3B7D8BA1}.Debug|x64.Build.0 = Debug|x64
		{CC3271CC-B04F-4F30-9319-EBFF3B7D8BA1}.Release|Any CPU.ActiveCfg = Release|Any CPU
		{CC3271CC-B04F-4F30-9319-EBFF3B7D8BA1}.Release|Any CPU.Build.0 = Release|Any CPU
		{CC3271CC-B04F-4F30-9319-EBFF3B7D8BA1}.Release|x64.ActiveCfg = Release|x64
		{CC3271CC-B04F-4F30-9319-EBFF3B7D8BA1}.Release|x64.Build.0 = Release|x64
		{D500C66B-4330-4E37-AD4F-20047A33A5A7}.Debug|Any CPU.ActiveCfg = Debug|Any CPU
		{D500C66B-4330-4E37-AD4F-20047A33A5A7}.Debug|Any CPU.Build.0 = Debug|Any CPU
		{D500C66B-4330-4E37-AD4F-20047A33A5A7}.Debug|x64.ActiveCfg = Debug|x64
		{D500C66B-4330-4E37-AD4F-20047A33A5A7}.Debug|x64.Build.0 = Debug|x64
		{D500C66B-4330-4E37-AD4F-20047A33A5A7}.Release|Any CPU.ActiveCfg = Release|Any CPU
		{D500C66B-4330-4E37-AD4F-20047A33A5A7}.Release|Any CPU.Build.0 = Release|Any CPU
		{D500C66B-4330-4E37-AD4F-20047A33A5A7}.Release|x64.ActiveCfg = Release|x64
		{D500C66B-4330-4E37-AD4F-20047A33A5A7}.Release|x64.Build.0 = Release|x64
		{D98F3AAC-331A-49CA-8DF5-456E91037C9A}.Debug|Any CPU.ActiveCfg = Debug|Any CPU
		{D98F3AAC-331A-49CA-8DF5-456E91037C9A}.Debug|Any CPU.Build.0 = Debug|Any CPU
		{D98F3AAC-331A-49CA-8DF5-456E91037C9A}.Debug|x64.ActiveCfg = Debug|Any CPU
		{D98F3AAC-331A-49CA-8DF5-456E91037C9A}.Debug|x64.Build.0 = Debug|Any CPU
		{D98F3AAC-331A-49CA-8DF5-456E91037C9A}.Release|Any CPU.ActiveCfg = Release|Any CPU
		{D98F3AAC-331A-49CA-8DF5-456E91037C9A}.Release|Any CPU.Build.0 = Release|Any CPU
		{D98F3AAC-331A-49CA-8DF5-456E91037C9A}.Release|x64.ActiveCfg = Release|Any CPU
		{D98F3AAC-331A-49CA-8DF5-456E91037C9A}.Release|x64.Build.0 = Release|Any CPU
		{9DC0679D-A45B-4B1E-8F03-9FF49F5C80C7}.Debug|Any CPU.ActiveCfg = Debug|Any CPU
		{9DC0679D-A45B-4B1E-8F03-9FF49F5C80C7}.Debug|Any CPU.Build.0 = Debug|Any CPU
		{9DC0679D-A45B-4B1E-8F03-9FF49F5C80C7}.Debug|x64.ActiveCfg = Debug|Any CPU
		{9DC0679D-A45B-4B1E-8F03-9FF49F5C80C7}.Debug|x64.Build.0 = Debug|Any CPU
		{9DC0679D-A45B-4B1E-8F03-9FF49F5C80C7}.Release|Any CPU.ActiveCfg = Release|Any CPU
		{9DC0679D-A45B-4B1E-8F03-9FF49F5C80C7}.Release|Any CPU.Build.0 = Release|Any CPU
		{9DC0679D-A45B-4B1E-8F03-9FF49F5C80C7}.Release|x64.ActiveCfg = Release|Any CPU
		{9DC0679D-A45B-4B1E-8F03-9FF49F5C80C7}.Release|x64.Build.0 = Release|Any CPU
		{C440838D-0031-4D49-B3E6-5ECC87FEB5D9}.Debug|Any CPU.ActiveCfg = Debug|Any CPU
		{C440838D-0031-4D49-B3E6-5ECC87FEB5D9}.Debug|Any CPU.Build.0 = Debug|Any CPU
		{C440838D-0031-4D49-B3E6-5ECC87FEB5D9}.Debug|x64.ActiveCfg = Debug|Any CPU
		{C440838D-0031-4D49-B3E6-5ECC87FEB5D9}.Debug|x64.Build.0 = Debug|Any CPU
		{C440838D-0031-4D49-B3E6-5ECC87FEB5D9}.Release|Any CPU.ActiveCfg = Release|Any CPU
		{C440838D-0031-4D49-B3E6-5ECC87FEB5D9}.Release|Any CPU.Build.0 = Release|Any CPU
		{C440838D-0031-4D49-B3E6-5ECC87FEB5D9}.Release|x64.ActiveCfg = Release|Any CPU
		{C440838D-0031-4D49-B3E6-5ECC87FEB5D9}.Release|x64.Build.0 = Release|Any CPU
		{18860BA2-DFC0-4858-A9E2-6E6687715D2B}.Debug|Any CPU.ActiveCfg = Debug|Any CPU
		{18860BA2-DFC0-4858-A9E2-6E6687715D2B}.Debug|Any CPU.Build.0 = Debug|Any CPU
		{18860BA2-DFC0-4858-A9E2-6E6687715D2B}.Debug|x64.ActiveCfg = Debug|Any CPU
		{18860BA2-DFC0-4858-A9E2-6E6687715D2B}.Debug|x64.Build.0 = Debug|Any CPU
		{18860BA2-DFC0-4858-A9E2-6E6687715D2B}.Release|Any CPU.ActiveCfg = Release|Any CPU
		{18860BA2-DFC0-4858-A9E2-6E6687715D2B}.Release|Any CPU.Build.0 = Release|Any CPU
		{18860BA2-DFC0-4858-A9E2-6E6687715D2B}.Release|x64.ActiveCfg = Release|Any CPU
		{18860BA2-DFC0-4858-A9E2-6E6687715D2B}.Release|x64.Build.0 = Release|Any CPU
		{4C26BA3C-8D5C-40C3-A3BE-8C343465A46A}.Debug|Any CPU.ActiveCfg = Debug|Any CPU
		{4C26BA3C-8D5C-40C3-A3BE-8C343465A46A}.Debug|Any CPU.Build.0 = Debug|Any CPU
		{4C26BA3C-8D5C-40C3-A3BE-8C343465A46A}.Debug|x64.ActiveCfg = Debug|Any CPU
		{4C26BA3C-8D5C-40C3-A3BE-8C343465A46A}.Debug|x64.Build.0 = Debug|Any CPU
		{4C26BA3C-8D5C-40C3-A3BE-8C343465A46A}.Release|Any CPU.ActiveCfg = Release|Any CPU
		{4C26BA3C-8D5C-40C3-A3BE-8C343465A46A}.Release|Any CPU.Build.0 = Release|Any CPU
		{4C26BA3C-8D5C-40C3-A3BE-8C343465A46A}.Release|x64.ActiveCfg = Release|Any CPU
		{4C26BA3C-8D5C-40C3-A3BE-8C343465A46A}.Release|x64.Build.0 = Release|Any CPU
		{96ECC272-3305-4E47-9E09-356350996CC7}.Debug|Any CPU.ActiveCfg = Debug|Any CPU
		{96ECC272-3305-4E47-9E09-356350996CC7}.Debug|Any CPU.Build.0 = Debug|Any CPU
		{96ECC272-3305-4E47-9E09-356350996CC7}.Debug|x64.ActiveCfg = Debug|Any CPU
		{96ECC272-3305-4E47-9E09-356350996CC7}.Debug|x64.Build.0 = Debug|Any CPU
		{96ECC272-3305-4E47-9E09-356350996CC7}.Release|Any CPU.ActiveCfg = Release|Any CPU
		{96ECC272-3305-4E47-9E09-356350996CC7}.Release|Any CPU.Build.0 = Release|Any CPU
		{96ECC272-3305-4E47-9E09-356350996CC7}.Release|x64.ActiveCfg = Release|Any CPU
		{96ECC272-3305-4E47-9E09-356350996CC7}.Release|x64.Build.0 = Release|Any CPU
		{36CCB93F-0A97-4FCC-A95C-728F4A8C9227}.Debug|Any CPU.ActiveCfg = Debug|Any CPU
		{36CCB93F-0A97-4FCC-A95C-728F4A8C9227}.Debug|Any CPU.Build.0 = Debug|Any CPU
		{36CCB93F-0A97-4FCC-A95C-728F4A8C9227}.Debug|x64.ActiveCfg = Debug|Any CPU
		{36CCB93F-0A97-4FCC-A95C-728F4A8C9227}.Debug|x64.Build.0 = Debug|Any CPU
		{36CCB93F-0A97-4FCC-A95C-728F4A8C9227}.Release|Any CPU.ActiveCfg = Release|Any CPU
		{36CCB93F-0A97-4FCC-A95C-728F4A8C9227}.Release|Any CPU.Build.0 = Release|Any CPU
		{36CCB93F-0A97-4FCC-A95C-728F4A8C9227}.Release|x64.ActiveCfg = Release|Any CPU
		{36CCB93F-0A97-4FCC-A95C-728F4A8C9227}.Release|x64.Build.0 = Release|Any CPU
		{B5E4B023-0E50-47E4-A5EF-EC7BD98C3DF1}.Debug|Any CPU.ActiveCfg = Debug|Any CPU
		{B5E4B023-0E50-47E4-A5EF-EC7BD98C3DF1}.Debug|Any CPU.Build.0 = Debug|Any CPU
		{B5E4B023-0E50-47E4-A5EF-EC7BD98C3DF1}.Debug|x64.ActiveCfg = Debug|Any CPU
		{B5E4B023-0E50-47E4-A5EF-EC7BD98C3DF1}.Debug|x64.Build.0 = Debug|Any CPU
		{B5E4B023-0E50-47E4-A5EF-EC7BD98C3DF1}.Release|Any CPU.ActiveCfg = Release|Any CPU
		{B5E4B023-0E50-47E4-A5EF-EC7BD98C3DF1}.Release|Any CPU.Build.0 = Release|Any CPU
		{B5E4B023-0E50-47E4-A5EF-EC7BD98C3DF1}.Release|x64.ActiveCfg = Release|Any CPU
		{B5E4B023-0E50-47E4-A5EF-EC7BD98C3DF1}.Release|x64.Build.0 = Release|Any CPU
		{D65DF641-57E1-4958-9772-99A8364FD86F}.Debug|Any CPU.ActiveCfg = Debug|Any CPU
		{D65DF641-57E1-4958-9772-99A8364FD86F}.Debug|Any CPU.Build.0 = Debug|Any CPU
		{D65DF641-57E1-4958-9772-99A8364FD86F}.Debug|x64.ActiveCfg = Debug|Any CPU
		{D65DF641-57E1-4958-9772-99A8364FD86F}.Debug|x64.Build.0 = Debug|Any CPU
		{D65DF641-57E1-4958-9772-99A8364FD86F}.Release|Any CPU.ActiveCfg = Release|Any CPU
		{D65DF641-57E1-4958-9772-99A8364FD86F}.Release|Any CPU.Build.0 = Release|Any CPU
		{D65DF641-57E1-4958-9772-99A8364FD86F}.Release|x64.ActiveCfg = Release|Any CPU
		{D65DF641-57E1-4958-9772-99A8364FD86F}.Release|x64.Build.0 = Release|Any CPU
		{712AC2B3-2771-4B43-86B1-4AF955711396}.Debug|Any CPU.ActiveCfg = Debug|Any CPU
		{712AC2B3-2771-4B43-86B1-4AF955711396}.Debug|Any CPU.Build.0 = Debug|Any CPU
		{712AC2B3-2771-4B43-86B1-4AF955711396}.Debug|x64.ActiveCfg = Debug|Any CPU
		{712AC2B3-2771-4B43-86B1-4AF955711396}.Debug|x64.Build.0 = Debug|Any CPU
		{712AC2B3-2771-4B43-86B1-4AF955711396}.Release|Any CPU.ActiveCfg = Release|Any CPU
		{712AC2B3-2771-4B43-86B1-4AF955711396}.Release|Any CPU.Build.0 = Release|Any CPU
		{712AC2B3-2771-4B43-86B1-4AF955711396}.Release|x64.ActiveCfg = Release|Any CPU
		{712AC2B3-2771-4B43-86B1-4AF955711396}.Release|x64.Build.0 = Release|Any CPU
		{5BB594D3-AFC0-4CD7-825D-087ECDB427CD}.Debug|Any CPU.ActiveCfg = Debug|Any CPU
		{5BB594D3-AFC0-4CD7-825D-087ECDB427CD}.Debug|Any CPU.Build.0 = Debug|Any CPU
		{5BB594D3-AFC0-4CD7-825D-087ECDB427CD}.Debug|x64.ActiveCfg = Debug|Any CPU
		{5BB594D3-AFC0-4CD7-825D-087ECDB427CD}.Debug|x64.Build.0 = Debug|Any CPU
		{5BB594D3-AFC0-4CD7-825D-087ECDB427CD}.Release|Any CPU.ActiveCfg = Release|Any CPU
		{5BB594D3-AFC0-4CD7-825D-087ECDB427CD}.Release|Any CPU.Build.0 = Release|Any CPU
		{5BB594D3-AFC0-4CD7-825D-087ECDB427CD}.Release|x64.ActiveCfg = Release|Any CPU
		{5BB594D3-AFC0-4CD7-825D-087ECDB427CD}.Release|x64.Build.0 = Release|Any CPU
	EndGlobalSection
	GlobalSection(SolutionProperties) = preSolution
		HideSolutionNode = FALSE
	EndGlobalSection
	GlobalSection(NestedProjects) = preSolution
		{58FE9F88-9F8A-4428-AFE8-EDFE564455F2} = {97E86999-39DA-43AC-A5D0-925BF99089B4}
		{C4E83373-3836-49FA-A625-5704E630ED45} = {97E86999-39DA-43AC-A5D0-925BF99089B4}
		{E83C4060-86FA-412C-B869-88C27B4D778E} = {97E86999-39DA-43AC-A5D0-925BF99089B4}
		{6AF40BF2-911A-41F8-B5CF-C687E12DE38B} = {E83C4060-86FA-412C-B869-88C27B4D778E}
		{4DD45A59-8CA6-44AC-A7BB-A65E656EBDA6} = {E83C4060-86FA-412C-B869-88C27B4D778E}
		{9B56F1DA-1FC3-4F1B-88AB-9FB4BC139F55} = {D36DDD93-C52B-4DFA-9832-2483F6DDF9D1}
		{4B736348-123F-4151-9556-A4A9750B7701} = {D36DDD93-C52B-4DFA-9832-2483F6DDF9D1}
		{B41699E7-5FB3-48EB-AC45-4994331724A8} = {D36DDD93-C52B-4DFA-9832-2483F6DDF9D1}
		{3BE67EC0-4016-485A-BF29-A4468A968FA5} = {D36DDD93-C52B-4DFA-9832-2483F6DDF9D1}
		{7A573ED4-19E4-42E1-B016-13A579CEC069} = {17049F71-AC59-4B0C-98C2-C7D7BB551057}
		{A405A7A0-F522-464A-A57F-9E0AAB7E9BF7} = {17049F71-AC59-4B0C-98C2-C7D7BB551057}
		{D65C3CE2-A006-458B-B4FA-B88989A1B5F3} = {17049F71-AC59-4B0C-98C2-C7D7BB551057}
		{48111B5C-D1EE-441D-9903-1415442BDD80} = {D17DAB67-133F-4300-807C-D8B68ACB323A}
		{21B450CA-106D-4B67-8BB9-AF41E1D494D9} = {48111B5C-D1EE-441D-9903-1415442BDD80}
		{CC3271CC-B04F-4F30-9319-EBFF3B7D8BA1} = {48111B5C-D1EE-441D-9903-1415442BDD80}
		{D500C66B-4330-4E37-AD4F-20047A33A5A7} = {FF020781-7739-4765-8AAC-E3C15C577E32}
		{39FC07EC-AED6-49ED-9FCB-3EA4C79B8067} = {CFCDE6C9-46E6-4C7A-BC2F-F67D4D2CBBB4}
		{D98F3AAC-331A-49CA-8DF5-456E91037C9A} = {39FC07EC-AED6-49ED-9FCB-3EA4C79B8067}
		{2ECF10E8-BAAA-4547-B7AD-217AC67601CA} = {B828903D-93CF-443F-BAEF-D0EC1166C819}
		{9DC0679D-A45B-4B1E-8F03-9FF49F5C80C7} = {2ECF10E8-BAAA-4547-B7AD-217AC67601CA}
		{C440838D-0031-4D49-B3E6-5ECC87FEB5D9} = {2ECF10E8-BAAA-4547-B7AD-217AC67601CA}
		{18860BA2-DFC0-4858-A9E2-6E6687715D2B} = {2ECF10E8-BAAA-4547-B7AD-217AC67601CA}
		{4C26BA3C-8D5C-40C3-A3BE-8C343465A46A} = {2ECF10E8-BAAA-4547-B7AD-217AC67601CA}
		{96ECC272-3305-4E47-9E09-356350996CC7} = {2ECF10E8-BAAA-4547-B7AD-217AC67601CA}
		{36CCB93F-0A97-4FCC-A95C-728F4A8C9227} = {2ECF10E8-BAAA-4547-B7AD-217AC67601CA}
		{B5E4B023-0E50-47E4-A5EF-EC7BD98C3DF1} = {2ECF10E8-BAAA-4547-B7AD-217AC67601CA}
		{BE4C0AC6-1573-4A43-A966-8191D053007A} = {B828903D-93CF-443F-BAEF-D0EC1166C819}
		{D65DF641-57E1-4958-9772-99A8364FD86F} = {BE4C0AC6-1573-4A43-A966-8191D053007A}
		{D33E940E-2FA7-46AB-8241-CFBB7A564984} = {F4D84B1B-B562-489F-BCC4-D49A4D3FE883}
		{712AC2B3-2771-4B43-86B1-4AF955711396} = {D33E940E-2FA7-46AB-8241-CFBB7A564984}
		{5BB594D3-AFC0-4CD7-825D-087ECDB427CD} = {D33E940E-2FA7-46AB-8241-CFBB7A564984}
	EndGlobalSection
	GlobalSection(ExtensibilityGlobals) = postSolution
		SolutionGuid = {7862FE01-025B-470B-84C7-732952C2185D}
	EndGlobalSection
EndGlobal
